
Microsoft Visual Studio Solution File, Format Version 12.00
# Visual Studio 15
Project("{FAE04EC0-301F-11D3-BF4B-00C04F79EFBC}") = "Assembly-CSharp", "Assembly-CSharp.csproj", "{D77C81C5-FC7F-7A17-25CA-B8FEEBA05023}"
EndProject
Project("{FAE04EC0-301F-11D3-BF4B-00C04F79EFBC}") = "Assembly-CSharp-firstpass", "Assembly-CSharp-firstpass.csproj", "{66463E3A-6AC3-0734-E61F-B0720C28C39E}"
EndProject
Project("{FAE04EC0-301F-11D3-BF4B-00C04F79EFBC}") = "EditorMigrationScripts", "EditorMigrationScripts.csproj", "{D731E080-2389-2374-1E5C-842B4E4470CA}"
EndProject
Global
	GlobalSection(SolutionConfigurationPlatforms) = preSolution
		Debug|Any CPU = Debug|Any CPU
		Release|Any CPU = Release|Any CPU
	EndGlobalSection
	GlobalSection(ProjectConfigurationPlatforms) = postSolution
		{D77C81C5-FC7F-7A17-25CA-B8FEEBA05023}.Debug|Any CPU.ActiveCfg = Debug|Any CPU
		{D77C81C5-FC7F-7A17-25CA-B8FEEBA05023}.Debug|Any CPU.Build.0 = Debug|Any CPU
		{D77C81C5-FC7F-7A17-25CA-B8FEEBA05023}.Release|Any CPU.ActiveCfg = Release|Any CPU
		{D77C81C5-FC7F-7A17-25CA-B8FEEBA05023}.Release|Any CPU.Build.0 = Release|Any CPU
		{66463E3A-6AC3-0734-E61F-B0720C28C39E}.Debug|Any CPU.ActiveCfg = Debug|Any CPU
		{66463E3A-6AC3-0734-E61F-B0720C28C39E}.Debug|Any CPU.Build.0 = Debug|Any CPU
		{66463E3A-6AC3-0734-E61F-B0720C28C39E}.Release|Any CPU.ActiveCfg = Release|Any CPU
		{66463E3A-6AC3-0734-E61F-B0720C28C39E}.Release|Any CPU.Build.0 = Release|Any CPU
		{D731E080-2389-2374-1E5C-842B4E4470CA}.Debug|Any CPU.ActiveCfg = Debug|Any CPU
		{D731E080-2389-2374-1E5C-842B4E4470CA}.Debug|Any CPU.Build.0 = Debug|Any CPU
		{D731E080-2389-2374-1E5C-842B4E4470CA}.Release|Any CPU.ActiveCfg = Release|Any CPU
		{D731E080-2389-2374-1E5C-842B4E4470CA}.Release|Any CPU.Build.0 = Release|Any CPU
	EndGlobalSection
	GlobalSection(SolutionProperties) = preSolution
		HideSolutionNode = FALSE
	EndGlobalSection
EndGlobal
